// !$*UTF8*$!
{
	archiveVersion = 1;
	classes = {
	};
	objectVersion = 50;
	objects = {

/* Begin PBXBuildFile section */
		19BBFBC6798EAC912B7B3285 /* Pods_MyFirstAppUITests.framework in Frameworks */ = {isa = PBXBuildFile; fileRef = B2A2D94F126507C65C8CB966 /* Pods_MyFirstAppUITests.framework */; };
		25331EE821348FC50064AB0E /* API.swift in Sources */ = {isa = PBXBuildFile; fileRef = 25331EE721348FC50064AB0E /* API.swift */; };
		25331EEA21348FD20064AB0E /* SpotifyTrack.swift in Sources */ = {isa = PBXBuildFile; fileRef = 25331EE921348FD20064AB0E /* SpotifyTrack.swift */; };
		2563234121348D8F00242119 /* AppDelegate.swift in Sources */ = {isa = PBXBuildFile; fileRef = 2563234021348D8F00242119 /* AppDelegate.swift */; };
		2563234321348D8F00242119 /* ViewController.swift in Sources */ = {isa = PBXBuildFile; fileRef = 2563234221348D8F00242119 /* ViewController.swift */; };
		2563234821348D9100242119 /* Assets.xcassets in Resources */ = {isa = PBXBuildFile; fileRef = 2563234721348D9100242119 /* Assets.xcassets */; };
		2563234B21348D9100242119 /* LaunchScreen.storyboard in Resources */ = {isa = PBXBuildFile; fileRef = 2563234921348D9100242119 /* LaunchScreen.storyboard */; };
		2563235621348D9100242119 /* MyFirstAppTests.swift in Sources */ = {isa = PBXBuildFile; fileRef = 2563235521348D9100242119 /* MyFirstAppTests.swift */; };
		2563236121348D9100242119 /* MyFirstAppUITests.swift in Sources */ = {isa = PBXBuildFile; fileRef = 2563236021348D9100242119 /* MyFirstAppUITests.swift */; };
		25E4D4C32135BAC700DFAFFB /* TracksViewController.swift in Sources */ = {isa = PBXBuildFile; fileRef = 25E4D4C22135BAC700DFAFFB /* TracksViewController.swift */; };
		A246A861C1A494E9AC1FA578 /* Pods_MyFirstAppTests.framework in Frameworks */ = {isa = PBXBuildFile; fileRef = 0A20483561D9D6FCA42C11A3 /* Pods_MyFirstAppTests.framework */; };
		EF72952BA741B2DEB43C47D5 /* Pods_MyFirstApp.framework in Frameworks */ = {isa = PBXBuildFile; fileRef = AE2FC56353D8BB57A92CA811 /* Pods_MyFirstApp.framework */; };
/* End PBXBuildFile section */

/* Begin PBXContainerItemProxy section */
		2563235221348D9100242119 /* PBXContainerItemProxy */ = {
			isa = PBXContainerItemProxy;
			containerPortal = 2563233521348D8F00242119 /* Project object */;
			proxyType = 1;
			remoteGlobalIDString = 2563233C21348D8F00242119;
			remoteInfo = MyFirstApp;
		};
		2563235D21348D9100242119 /* PBXContainerItemProxy */ = {
			isa = PBXContainerItemProxy;
			containerPortal = 2563233521348D8F00242119 /* Project object */;
			proxyType = 1;
			remoteGlobalIDString = 2563233C21348D8F00242119;
			remoteInfo = MyFirstApp;
		};
/* End PBXContainerItemProxy section */

/* Begin PBXFileReference section */
		0A20483561D9D6FCA42C11A3 /* Pods_MyFirstAppTests.framework */ = {isa = PBXFileReference; explicitFileType = wrapper.framework; includeInIndex = 0; path = Pods_MyFirstAppTests.framework; sourceTree = BUILT_PRODUCTS_DIR; };
		25331EE721348FC50064AB0E /* API.swift */ = {isa = PBXFileReference; lastKnownFileType = sourcecode.swift; path = API.swift; sourceTree = "<group>"; };
		25331EE921348FD20064AB0E /* SpotifyTrack.swift */ = {isa = PBXFileReference; lastKnownFileType = sourcecode.swift; path = SpotifyTrack.swift; sourceTree = "<group>"; };
		2563233D21348D8F00242119 /* MyFirstApp.app */ = {isa = PBXFileReference; explicitFileType = wrapper.application; includeInIndex = 0; path = MyFirstApp.app; sourceTree = BUILT_PRODUCTS_DIR; };
		2563234021348D8F00242119 /* AppDelegate.swift */ = {isa = PBXFileReference; lastKnownFileType = sourcecode.swift; path = AppDelegate.swift; sourceTree = "<group>"; };
		2563234221348D8F00242119 /* ViewController.swift */ = {isa = PBXFileReference; lastKnownFileType = sourcecode.swift; path = ViewController.swift; sourceTree = "<group>"; };
		2563234721348D9100242119 /* Assets.xcassets */ = {isa = PBXFileReference; lastKnownFileType = folder.assetcatalog; path = Assets.xcassets; sourceTree = "<group>"; };
		2563234A21348D9100242119 /* Base */ = {isa = PBXFileReference; lastKnownFileType = file.storyboard; name = Base; path = Base.lproj/LaunchScreen.storyboard; sourceTree = "<group>"; };
		2563234C21348D9100242119 /* Info.plist */ = {isa = PBXFileReference; lastKnownFileType = text.plist.xml; path = Info.plist; sourceTree = "<group>"; };
		2563235121348D9100242119 /* MyFirstAppTests.xctest */ = {isa = PBXFileReference; explicitFileType = wrapper.cfbundle; includeInIndex = 0; path = MyFirstAppTests.xctest; sourceTree = BUILT_PRODUCTS_DIR; };
		2563235521348D9100242119 /* MyFirstAppTests.swift */ = {isa = PBXFileReference; lastKnownFileType = sourcecode.swift; path = MyFirstAppTests.swift; sourceTree = "<group>"; };
		2563235721348D9100242119 /* Info.plist */ = {isa = PBXFileReference; lastKnownFileType = text.plist.xml; path = Info.plist; sourceTree = "<group>"; };
		2563235C21348D9100242119 /* MyFirstAppUITests.xctest */ = {isa = PBXFileReference; explicitFileType = wrapper.cfbundle; includeInIndex = 0; path = MyFirstAppUITests.xctest; sourceTree = BUILT_PRODUCTS_DIR; };
		2563236021348D9100242119 /* MyFirstAppUITests.swift */ = {isa = PBXFileReference; lastKnownFileType = sourcecode.swift; path = MyFirstAppUITests.swift; sourceTree = "<group>"; };
		2563236221348D9100242119 /* Info.plist */ = {isa = PBXFileReference; lastKnownFileType = text.plist.xml; path = Info.plist; sourceTree = "<group>"; };
		25E4D4C22135BAC700DFAFFB /* TracksViewController.swift */ = {isa = PBXFileReference; lastKnownFileType = sourcecode.swift; path = TracksViewController.swift; sourceTree = "<group>"; };
		4CB87AC73BD05AAD52DE82E5 /* Pods-MyFirstAppUITests.debug.xcconfig */ = {isa = PBXFileReference; includeInIndex = 1; lastKnownFileType = text.xcconfig; name = "Pods-MyFirstAppUITests.debug.xcconfig"; path = "Pods/Target Support Files/Pods-MyFirstAppUITests/Pods-MyFirstAppUITests.debug.xcconfig"; sourceTree = "<group>"; };
		92F41D740B9846A501FA9B93 /* Pods-MyFirstAppTests.release.xcconfig */ = {isa = PBXFileReference; includeInIndex = 1; lastKnownFileType = text.xcconfig; name = "Pods-MyFirstAppTests.release.xcconfig"; path = "Pods/Target Support Files/Pods-MyFirstAppTests/Pods-MyFirstAppTests.release.xcconfig"; sourceTree = "<group>"; };
		AE2FC56353D8BB57A92CA811 /* Pods_MyFirstApp.framework */ = {isa = PBXFileReference; explicitFileType = wrapper.framework; includeInIndex = 0; path = Pods_MyFirstApp.framework; sourceTree = BUILT_PRODUCTS_DIR; };
		B2A2D94F126507C65C8CB966 /* Pods_MyFirstAppUITests.framework */ = {isa = PBXFileReference; explicitFileType = wrapper.framework; includeInIndex = 0; path = Pods_MyFirstAppUITests.framework; sourceTree = BUILT_PRODUCTS_DIR; };
		B8FE37198BB9DE1A29267993 /* Pods-MyFirstApp.release.xcconfig */ = {isa = PBXFileReference; includeInIndex = 1; lastKnownFileType = text.xcconfig; name = "Pods-MyFirstApp.release.xcconfig"; path = "Pods/Target Support Files/Pods-MyFirstApp/Pods-MyFirstApp.release.xcconfig"; sourceTree = "<group>"; };
		CB0D631BD3867D120F452B62 /* Pods-MyFirstAppTests.debug.xcconfig */ = {isa = PBXFileReference; includeInIndex = 1; lastKnownFileType = text.xcconfig; name = "Pods-MyFirstAppTests.debug.xcconfig"; path = "Pods/Target Support Files/Pods-MyFirstAppTests/Pods-MyFirstAppTests.debug.xcconfig"; sourceTree = "<group>"; };
		E7804DDC7CD85E3B1DE65E61 /* Pods-MyFirstApp.debug.xcconfig */ = {isa = PBXFileReference; includeInIndex = 1; lastKnownFileType = text.xcconfig; name = "Pods-MyFirstApp.debug.xcconfig"; path = "Pods/Target Support Files/Pods-MyFirstApp/Pods-MyFirstApp.debug.xcconfig"; sourceTree = "<group>"; };
		F5C137F660755555CDB95EA7 /* Pods-MyFirstAppUITests.release.xcconfig */ = {isa = PBXFileReference; includeInIndex = 1; lastKnownFileType = text.xcconfig; name = "Pods-MyFirstAppUITests.release.xcconfig"; path = "Pods/Target Support Files/Pods-MyFirstAppUITests/Pods-MyFirstAppUITests.release.xcconfig"; sourceTree = "<group>"; };
/* End PBXFileReference section */

/* Begin PBXFrameworksBuildPhase section */
		2563233A21348D8F00242119 /* Frameworks */ = {
			isa = PBXFrameworksBuildPhase;
			buildActionMask = 2147483647;
			files = (
				EF72952BA741B2DEB43C47D5 /* Pods_MyFirstApp.framework in Frameworks */,
			);
			runOnlyForDeploymentPostprocessing = 0;
		};
		2563234E21348D9100242119 /* Frameworks */ = {
			isa = PBXFrameworksBuildPhase;
			buildActionMask = 2147483647;
			files = (
				A246A861C1A494E9AC1FA578 /* Pods_MyFirstAppTests.framework in Frameworks */,
			);
			runOnlyForDeploymentPostprocessing = 0;
		};
		2563235921348D9100242119 /* Frameworks */ = {
			isa = PBXFrameworksBuildPhase;
			buildActionMask = 2147483647;
			files = (
				19BBFBC6798EAC912B7B3285 /* Pods_MyFirstAppUITests.framework in Frameworks */,
			);
			runOnlyForDeploymentPostprocessing = 0;
		};
/* End PBXFrameworksBuildPhase section */

/* Begin PBXGroup section */
		2563233421348D8F00242119 = {
			isa = PBXGroup;
			children = (
				2563233F21348D8F00242119 /* MyFirstApp */,
				2563235421348D9100242119 /* MyFirstAppTests */,
				2563235F21348D9100242119 /* MyFirstAppUITests */,
				2563233E21348D8F00242119 /* Products */,
				75202F326189A670358D45F9 /* Pods */,
				58D018F08FB9D89D6ECED452 /* Frameworks */,
			);
			sourceTree = "<group>";
		};
		2563233E21348D8F00242119 /* Products */ = {
			isa = PBXGroup;
			children = (
				2563233D21348D8F00242119 /* MyFirstApp.app */,
				2563235121348D9100242119 /* MyFirstAppTests.xctest */,
				2563235C21348D9100242119 /* MyFirstAppUITests.xctest */,
			);
			name = Products;
			sourceTree = "<group>";
		};
		2563233F21348D8F00242119 /* MyFirstApp */ = {
			isa = PBXGroup;
			children = (
				2563234021348D8F00242119 /* AppDelegate.swift */,
				2563234221348D8F00242119 /* ViewController.swift */,
				2563234721348D9100242119 /* Assets.xcassets */,
				2563234921348D9100242119 /* LaunchScreen.storyboard */,
				2563234C21348D9100242119 /* Info.plist */,
				25331EE721348FC50064AB0E /* API.swift */,
				25331EE921348FD20064AB0E /* SpotifyTrack.swift */,
				25E4D4C22135BAC700DFAFFB /* TracksViewController.swift */,
			);
			path = MyFirstApp;
			sourceTree = "<group>";
		};
		2563235421348D9100242119 /* MyFirstAppTests */ = {
			isa = PBXGroup;
			children = (
				2563235521348D9100242119 /* MyFirstAppTests.swift */,
				2563235721348D9100242119 /* Info.plist */,
			);
			path = MyFirstAppTests;
			sourceTree = "<group>";
		};
		2563235F21348D9100242119 /* MyFirstAppUITests */ = {
			isa = PBXGroup;
			children = (
				2563236021348D9100242119 /* MyFirstAppUITests.swift */,
				2563236221348D9100242119 /* Info.plist */,
			);
			path = MyFirstAppUITests;
			sourceTree = "<group>";
		};
		58D018F08FB9D89D6ECED452 /* Frameworks */ = {
			isa = PBXGroup;
			children = (
				AE2FC56353D8BB57A92CA811 /* Pods_MyFirstApp.framework */,
				0A20483561D9D6FCA42C11A3 /* Pods_MyFirstAppTests.framework */,
				B2A2D94F126507C65C8CB966 /* Pods_MyFirstAppUITests.framework */,
			);
			name = Frameworks;
			sourceTree = "<group>";
		};
		75202F326189A670358D45F9 /* Pods */ = {
			isa = PBXGroup;
			children = (
				E7804DDC7CD85E3B1DE65E61 /* Pods-MyFirstApp.debug.xcconfig */,
				B8FE37198BB9DE1A29267993 /* Pods-MyFirstApp.release.xcconfig */,
				CB0D631BD3867D120F452B62 /* Pods-MyFirstAppTests.debug.xcconfig */,
				92F41D740B9846A501FA9B93 /* Pods-MyFirstAppTests.release.xcconfig */,
				4CB87AC73BD05AAD52DE82E5 /* Pods-MyFirstAppUITests.debug.xcconfig */,
				F5C137F660755555CDB95EA7 /* Pods-MyFirstAppUITests.release.xcconfig */,
			);
			name = Pods;
			sourceTree = "<group>";
		};
/* End PBXGroup section */

/* Begin PBXNativeTarget section */
		2563233C21348D8F00242119 /* MyFirstApp */ = {
			isa = PBXNativeTarget;
			buildConfigurationList = 2563236521348D9100242119 /* Build configuration list for PBXNativeTarget "MyFirstApp" */;
			buildPhases = (
				DD74F850CB39ADC4E9A78D77 /* [CP] Check Pods Manifest.lock */,
				2563233921348D8F00242119 /* Sources */,
				2563233A21348D8F00242119 /* Frameworks */,
				2563233B21348D8F00242119 /* Resources */,
				72BB5656EDD893DA6475DD2E /* [CP] Embed Pods Frameworks */,
			);
			buildRules = (
			);
			dependencies = (
			);
			name = MyFirstApp;
			productName = MyFirstApp;
			productReference = 2563233D21348D8F00242119 /* MyFirstApp.app */;
			productType = "com.apple.product-type.application";
		};
		2563235021348D9100242119 /* MyFirstAppTests */ = {
			isa = PBXNativeTarget;
			buildConfigurationList = 2563236821348D9100242119 /* Build configuration list for PBXNativeTarget "MyFirstAppTests" */;
			buildPhases = (
				DA5B183CDADA660375FD4F62 /* [CP] Check Pods Manifest.lock */,
				2563234D21348D9100242119 /* Sources */,
				2563234E21348D9100242119 /* Frameworks */,
				2563234F21348D9100242119 /* Resources */,
			);
			buildRules = (
			);
			dependencies = (
				2563235321348D9100242119 /* PBXTargetDependency */,
			);
			name = MyFirstAppTests;
			productName = MyFirstAppTests;
			productReference = 2563235121348D9100242119 /* MyFirstAppTests.xctest */;
			productType = "com.apple.product-type.bundle.unit-test";
		};
		2563235B21348D9100242119 /* MyFirstAppUITests */ = {
			isa = PBXNativeTarget;
			buildConfigurationList = 2563236B21348D9100242119 /* Build configuration list for PBXNativeTarget "MyFirstAppUITests" */;
			buildPhases = (
				39114D04B09D1A8D5B82AC07 /* [CP] Check Pods Manifest.lock */,
				2563235821348D9100242119 /* Sources */,
				2563235921348D9100242119 /* Frameworks */,
				2563235A21348D9100242119 /* Resources */,
			);
			buildRules = (
			);
			dependencies = (
				2563235E21348D9100242119 /* PBXTargetDependency */,
			);
			name = MyFirstAppUITests;
			productName = MyFirstAppUITests;
			productReference = 2563235C21348D9100242119 /* MyFirstAppUITests.xctest */;
			productType = "com.apple.product-type.bundle.ui-testing";
		};
/* End PBXNativeTarget section */

/* Begin PBXProject section */
		2563233521348D8F00242119 /* Project object */ = {
			isa = PBXProject;
			attributes = {
				LastSwiftUpdateCheck = 0940;
				LastUpgradeCheck = 0940;
				ORGANIZATIONNAME = "Peter Muniz";
				TargetAttributes = {
					2563233C21348D8F00242119 = {
						CreatedOnToolsVersion = 9.4.1;
					};
					2563235021348D9100242119 = {
						CreatedOnToolsVersion = 9.4.1;
						TestTargetID = 2563233C21348D8F00242119;
					};
					2563235B21348D9100242119 = {
						CreatedOnToolsVersion = 9.4.1;
						TestTargetID = 2563233C21348D8F00242119;
					};
				};
			};
			buildConfigurationList = 2563233821348D8F00242119 /* Build configuration list for PBXProject "MyFirstApp" */;
			compatibilityVersion = "Xcode 9.3";
			developmentRegion = en;
			hasScannedForEncodings = 0;
			knownRegions = (
				en,
				Base,
			);
			mainGroup = 2563233421348D8F00242119;
			productRefGroup = 2563233E21348D8F00242119 /* Products */;
			projectDirPath = "";
			projectRoot = "";
			targets = (
				2563233C21348D8F00242119 /* MyFirstApp */,
				2563235021348D9100242119 /* MyFirstAppTests */,
				2563235B21348D9100242119 /* MyFirstAppUITests */,
			);
		};
/* End PBXProject section */

/* Begin PBXResourcesBuildPhase section */
		2563233B21348D8F00242119 /* Resources */ = {
			isa = PBXResourcesBuildPhase;
			buildActionMask = 2147483647;
			files = (
				2563234B21348D9100242119 /* LaunchScreen.storyboard in Resources */,
				2563234821348D9100242119 /* Assets.xcassets in Resources */,
			);
			runOnlyForDeploymentPostprocessing = 0;
		};
		2563234F21348D9100242119 /* Resources */ = {
			isa = PBXResourcesBuildPhase;
			buildActionMask = 2147483647;
			files = (
			);
			runOnlyForDeploymentPostprocessing = 0;
		};
		2563235A21348D9100242119 /* Resources */ = {
			isa = PBXResourcesBuildPhase;
			buildActionMask = 2147483647;
			files = (
			);
			runOnlyForDeploymentPostprocessing = 0;
		};
/* End PBXResourcesBuildPhase section */

/* Begin PBXShellScriptBuildPhase section */
		39114D04B09D1A8D5B82AC07 /* [CP] Check Pods Manifest.lock */ = {
			isa = PBXShellScriptBuildPhase;
			buildActionMask = 2147483647;
			files = (
			);
			inputPaths = (
				"${PODS_PODFILE_DIR_PATH}/Podfile.lock",
				"${PODS_ROOT}/Manifest.lock",
			);
			name = "[CP] Check Pods Manifest.lock";
			outputPaths = (
				"$(DERIVED_FILE_DIR)/Pods-MyFirstAppUITests-checkManifestLockResult.txt",
			);
			runOnlyForDeploymentPostprocessing = 0;
			shellPath = /bin/sh;
			shellScript = "diff \"${PODS_PODFILE_DIR_PATH}/Podfile.lock\" \"${PODS_ROOT}/Manifest.lock\" > /dev/null\nif [ $? != 0 ] ; then\n    # print error to STDERR\n    echo \"error: The sandbox is not in sync with the Podfile.lock. Run 'pod install' or update your CocoaPods installation.\" >&2\n    exit 1\nfi\n# This output is used by Xcode 'outputs' to avoid re-running this script phase.\necho \"SUCCESS\" > \"${SCRIPT_OUTPUT_FILE_0}\"\n";
			showEnvVarsInLog = 0;
		};
		72BB5656EDD893DA6475DD2E /* [CP] Embed Pods Frameworks */ = {
			isa = PBXShellScriptBuildPhase;
			buildActionMask = 2147483647;
			files = (
			);
			inputPaths = (
				"${SRCROOT}/Pods/Target Support Files/Pods-MyFirstApp/Pods-MyFirstApp-frameworks.sh",
				"${BUILT_PRODUCTS_DIR}/Alamofire/Alamofire.framework",
				"${BUILT_PRODUCTS_DIR}/AlamofireObjectMapper/AlamofireObjectMapper.framework",
				"${BUILT_PRODUCTS_DIR}/ObjectMapper/ObjectMapper.framework",
				"${BUILT_PRODUCTS_DIR}/SnapKit/SnapKit.framework",
			);
			name = "[CP] Embed Pods Frameworks";
			outputPaths = (
				"${TARGET_BUILD_DIR}/${FRAMEWORKS_FOLDER_PATH}/Alamofire.framework",
				"${TARGET_BUILD_DIR}/${FRAMEWORKS_FOLDER_PATH}/AlamofireObjectMapper.framework",
				"${TARGET_BUILD_DIR}/${FRAMEWORKS_FOLDER_PATH}/ObjectMapper.framework",
				"${TARGET_BUILD_DIR}/${FRAMEWORKS_FOLDER_PATH}/SnapKit.framework",
			);
			runOnlyForDeploymentPostprocessing = 0;
			shellPath = /bin/sh;
			shellScript = "\"${SRCROOT}/Pods/Target Support Files/Pods-MyFirstApp/Pods-MyFirstApp-frameworks.sh\"\n";
			showEnvVarsInLog = 0;
		};
		DA5B183CDADA660375FD4F62 /* [CP] Check Pods Manifest.lock */ = {
			isa = PBXShellScriptBuildPhase;
			buildActionMask = 2147483647;
			files = (
			);
			inputPaths = (
				"${PODS_PODFILE_DIR_PATH}/Podfile.lock",
				"${PODS_ROOT}/Manifest.lock",
			);
			name = "[CP] Check Pods Manifest.lock";
			outputPaths = (
				"$(DERIVED_FILE_DIR)/Pods-MyFirstAppTests-checkManifestLockResult.txt",
			);
			runOnlyForDeploymentPostprocessing = 0;
			shellPath = /bin/sh;
			shellScript = "diff \"${PODS_PODFILE_DIR_PATH}/Podfile.lock\" \"${PODS_ROOT}/Manifest.lock\" > /dev/null\nif [ $? != 0 ] ; then\n    # print error to STDERR\n    echo \"error: The sandbox is not in sync with the Podfile.lock. Run 'pod install' or update your CocoaPods installation.\" >&2\n    exit 1\nfi\n# This output is used by Xcode 'outputs' to avoid re-running this script phase.\necho \"SUCCESS\" > \"${SCRIPT_OUTPUT_FILE_0}\"\n";
			showEnvVarsInLog = 0;
		};
		DD74F850CB39ADC4E9A78D77 /* [CP] Check Pods Manifest.lock */ = {
			isa = PBXShellScriptBuildPhase;
			buildActionMask = 2147483647;
			files = (
			);
			inputPaths = (
				"${PODS_PODFILE_DIR_PATH}/Podfile.lock",
				"${PODS_ROOT}/Manifest.lock",
			);
			name = "[CP] Check Pods Manifest.lock";
			outputPaths = (
				"$(DERIVED_FILE_DIR)/Pods-MyFirstApp-checkManifestLockResult.txt",
			);
			runOnlyForDeploymentPostprocessing = 0;
			shellPath = /bin/sh;
			shellScript = "diff \"${PODS_PODFILE_DIR_PATH}/Podfile.lock\" \"${PODS_ROOT}/Manifest.lock\" > /dev/null\nif [ $? != 0 ] ; then\n    # print error to STDERR\n    echo \"error: The sandbox is not in sync with the Podfile.lock. Run 'pod install' or update your CocoaPods installation.\" >&2\n    exit 1\nfi\n# This output is used by Xcode 'outputs' to avoid re-running this script phase.\necho \"SUCCESS\" > \"${SCRIPT_OUTPUT_FILE_0}\"\n";
			showEnvVarsInLog = 0;
		};
/* End PBXShellScriptBuildPhase section */

/* Begin PBXSourcesBuildPhase section */
		2563233921348D8F00242119 /* Sources */ = {
			isa = PBXSourcesBuildPhase;
			buildActionMask = 2147483647;
			files = (
				25331EEA21348FD20064AB0E /* SpotifyTrack.swift in Sources */,
				2563234321348D8F00242119 /* ViewController.swift in Sources */,
				25331EE821348FC50064AB0E /* API.swift in Sources */,
				2563234121348D8F00242119 /* AppDelegate.swift in Sources */,
				25E4D4C32135BAC700DFAFFB /* TracksViewController.swift in Sources */,
			);
			runOnlyForDeploymentPostprocessing = 0;
		};
		2563234D21348D9100242119 /* Sources */ = {
			isa = PBXSourcesBuildPhase;
			buildActionMask = 2147483647;
			files = (
				2563235621348D9100242119 /* MyFirstAppTests.swift in Sources */,
			);
			runOnlyForDeploymentPostprocessing = 0;
		};
		2563235821348D9100242119 /* Sources */ = {
			isa = PBXSourcesBuildPhase;
			buildActionMask = 2147483647;
			files = (
				2563236121348D9100242119 /* MyFirstAppUITests.swift in Sources */,
			);
			runOnlyForDeploymentPostprocessing = 0;
		};
/* End PBXSourcesBuildPhase section */

/* Begin PBXTargetDependency section */
		2563235321348D9100242119 /* PBXTargetDependency */ = {
			isa = PBXTargetDependency;
			target = 2563233C21348D8F00242119 /* MyFirstApp */;
			targetProxy = 2563235221348D9100242119 /* PBXContainerItemProxy */;
		};
		2563235E21348D9100242119 /* PBXTargetDependency */ = {
			isa = PBXTargetDependency;
			target = 2563233C21348D8F00242119 /* MyFirstApp */;
			targetProxy = 2563235D21348D9100242119 /* PBXContainerItemProxy */;
		};
/* End PBXTargetDependency section */

/* Begin PBXVariantGroup section */
		2563234921348D9100242119 /* LaunchScreen.storyboard */ = {
			isa = PBXVariantGroup;
			children = (
				2563234A21348D9100242119 /* Base */,
			);
			name = LaunchScreen.storyboard;
			sourceTree = "<group>";
		};
/* End PBXVariantGroup section */

/* Begin XCBuildConfiguration section */
		2563236321348D9100242119 /* Debug */ = {
			isa = XCBuildConfiguration;
			buildSettings = {
				ALWAYS_SEARCH_USER_PATHS = NO;
				CLANG_ANALYZER_NONNULL = YES;
				CLANG_ANALYZER_NUMBER_OBJECT_CONVERSION = YES_AGGRESSIVE;
				CLANG_CXX_LANGUAGE_STANDARD = "gnu++14";
				CLANG_CXX_LIBRARY = "libc++";
				CLANG_ENABLE_MODULES = YES;
				CLANG_ENABLE_OBJC_ARC = YES;
				CLANG_ENABLE_OBJC_WEAK = YES;
				CLANG_WARN_BLOCK_CAPTURE_AUTORELEASING = YES;
				CLANG_WARN_BOOL_CONVERSION = YES;
				CLANG_WARN_COMMA = YES;
				CLANG_WARN_CONSTANT_CONVERSION = YES;
				CLANG_WARN_DEPRECATED_OBJC_IMPLEMENTATIONS = YES;
				CLANG_WARN_DIRECT_OBJC_ISA_USAGE = YES_ERROR;
				CLANG_WARN_DOCUMENTATION_COMMENTS = YES;
				CLANG_WARN_EMPTY_BODY = YES;
				CLANG_WARN_ENUM_CONVERSION = YES;
				CLANG_WARN_INFINITE_RECURSION = YES;
				CLANG_WARN_INT_CONVERSION = YES;
				CLANG_WARN_NON_LITERAL_NULL_CONVERSION = YES;
				CLANG_WARN_OBJC_IMPLICIT_RETAIN_SELF = YES;
				CLANG_WARN_OBJC_LITERAL_CONVERSION = YES;
				CLANG_WARN_OBJC_ROOT_CLASS = YES_ERROR;
				CLANG_WARN_RANGE_LOOP_ANALYSIS = YES;
				CLANG_WARN_STRICT_PROTOTYPES = YES;
				CLANG_WARN_SUSPICIOUS_MOVE = YES;
				CLANG_WARN_UNGUARDED_AVAILABILITY = YES_AGGRESSIVE;
				CLANG_WARN_UNREACHABLE_CODE = YES;
				CLANG_WARN__DUPLICATE_METHOD_MATCH = YES;
				CODE_SIGN_IDENTITY = "iPhone Developer";
				COPY_PHASE_STRIP = NO;
				DEBUG_INFORMATION_FORMAT = dwarf;
				ENABLE_STRICT_OBJC_MSGSEND = YES;
				ENABLE_TESTABILITY = YES;
				GCC_C_LANGUAGE_STANDARD = gnu11;
				GCC_DYNAMIC_NO_PIC = NO;
				GCC_NO_COMMON_BLOCKS = YES;
				GCC_OPTIMIZATION_LEVEL = 0;
				GCC_PREPROCESSOR_DEFINITIONS = (
					"DEBUG=1",
					"$(inherited)",
				);
				GCC_WARN_64_TO_32_BIT_CONVERSION = YES;
				GCC_WARN_ABOUT_RETURN_TYPE = YES_ERROR;
				GCC_WARN_UNDECLARED_SELECTOR = YES;
				GCC_WARN_UNINITIALIZED_AUTOS = YES_AGGRESSIVE;
				GCC_WARN_UNUSED_FUNCTION = YES;
				GCC_WARN_UNUSED_VARIABLE = YES;
				IPHONEOS_DEPLOYMENT_TARGET = 11.4;
				MTL_ENABLE_DEBUG_INFO = YES;
				ONLY_ACTIVE_ARCH = YES;
				SDKROOT = iphoneos;
				SWIFT_ACTIVE_COMPILATION_CONDITIONS = DEBUG;
				SWIFT_OPTIMIZATION_LEVEL = "-Onone";
			};
			name = Debug;
		};
		2563236421348D9100242119 /* Release */ = {
			isa = XCBuildConfiguration;
			buildSettings = {
				ALWAYS_SEARCH_USER_PATHS = NO;
				CLANG_ANALYZER_NONNULL = YES;
				CLANG_ANALYZER_NUMBER_OBJECT_CONVERSION = YES_AGGRESSIVE;
				CLANG_CXX_LANGUAGE_STANDARD = "gnu++14";
				CLANG_CXX_LIBRARY = "libc++";
				CLANG_ENABLE_MODULES = YES;
				CLANG_ENABLE_OBJC_ARC = YES;
				CLANG_ENABLE_OBJC_WEAK = YES;
				CLANG_WARN_BLOCK_CAPTURE_AUTORELEASING = YES;
				CLANG_WARN_BOOL_CONVERSION = YES;
				CLANG_WARN_COMMA = YES;
				CLANG_WARN_CONSTANT_CONVERSION = YES;
				CLANG_WARN_DEPRECATED_OBJC_IMPLEMENTATIONS = YES;
				CLANG_WARN_DIRECT_OBJC_ISA_USAGE = YES_ERROR;
				CLANG_WARN_DOCUMENTATION_COMMENTS = YES;
				CLANG_WARN_EMPTY_BODY = YES;
				CLANG_WARN_ENUM_CONVERSION = YES;
				CLANG_WARN_INFINITE_RECURSION = YES;
				CLANG_WARN_INT_CONVERSION = YES;
				CLANG_WARN_NON_LITERAL_NULL_CONVERSION = YES;
				CLANG_WARN_OBJC_IMPLICIT_RETAIN_SELF = YES;
				CLANG_WARN_OBJC_LITERAL_CONVERSION = YES;
				CLANG_WARN_OBJC_ROOT_CLASS = YES_ERROR;
				CLANG_WARN_RANGE_LOOP_ANALYSIS = YES;
				CLANG_WARN_STRICT_PROTOTYPES = YES;
				CLANG_WARN_SUSPICIOUS_MOVE = YES;
				CLANG_WARN_UNGUARDED_AVAILABILITY = YES_AGGRESSIVE;
				CLANG_WARN_UNREACHABLE_CODE = YES;
				CLANG_WARN__DUPLICATE_METHOD_MATCH = YES;
				CODE_SIGN_IDENTITY = "iPhone Developer";
				COPY_PHASE_STRIP = NO;
				DEBUG_INFORMATION_FORMAT = "dwarf-with-dsym";
				ENABLE_NS_ASSERTIONS = NO;
				ENABLE_STRICT_OBJC_MSGSEND = YES;
				GCC_C_LANGUAGE_STANDARD = gnu11;
				GCC_NO_COMMON_BLOCKS = YES;
				GCC_WARN_64_TO_32_BIT_CONVERSION = YES;
				GCC_WARN_ABOUT_RETURN_TYPE = YES_ERROR;
				GCC_WARN_UNDECLARED_SELECTOR = YES;
				GCC_WARN_UNINITIALIZED_AUTOS = YES_AGGRESSIVE;
				GCC_WARN_UNUSED_FUNCTION = YES;
				GCC_WARN_UNUSED_VARIABLE = YES;
				IPHONEOS_DEPLOYMENT_TARGET = 11.4;
				MTL_ENABLE_DEBUG_INFO = NO;
				SDKROOT = iphoneos;
				SWIFT_COMPILATION_MODE = wholemodule;
				SWIFT_OPTIMIZATION_LEVEL = "-O";
				VALIDATE_PRODUCT = YES;
			};
			name = Release;
		};
		2563236621348D9100242119 /* Debug */ = {
			isa = XCBuildConfiguration;
			baseConfigurationReference = E7804DDC7CD85E3B1DE65E61 /* Pods-MyFirstApp.debug.xcconfig */;
			buildSettings = {
				ASSETCATALOG_COMPILER_APPICON_NAME = AppIcon;
				CODE_SIGN_STYLE = Automatic;
				INFOPLIST_FILE = MyFirstApp/Info.plist;
				LD_RUNPATH_SEARCH_PATHS = (
					"$(inherited)",
					"@executable_path/Frameworks",
				);
				PRODUCT_BUNDLE_IDENTIFIER = com.blueapron.MyFirstApp;
				PRODUCT_NAME = "$(TARGET_NAME)";
				SWIFT_VERSION = 4.0;
				TARGETED_DEVICE_FAMILY = "1,2";
			};
			name = Debug;
		};
		2563236721348D9100242119 /* Release */ = {
			isa = XCBuildConfiguration;
			baseConfigurationReference = B8FE37198BB9DE1A29267993 /* Pods-MyFirstApp.release.xcconfig */;
			buildSettings = {
				ASSETCATALOG_COMPILER_APPICON_NAME = AppIcon;
				CODE_SIGN_STYLE = Automatic;
				INFOPLIST_FILE = MyFirstApp/Info.plist;
				LD_RUNPATH_SEARCH_PATHS = (
					"$(inherited)",
					"@executable_path/Frameworks",
				);
				PRODUCT_BUNDLE_IDENTIFIER = com.blueapron.MyFirstApp;
				PRODUCT_NAME = "$(TARGET_NAME)";
				SWIFT_VERSION = 4.0;
				TARGETED_DEVICE_FAMILY = "1,2";
			};
			name = Release;
		};
		2563236921348D9100242119 /* Debug */ = {
			isa = XCBuildConfiguration;
			baseConfigurationReference = CB0D631BD3867D120F452B62 /* Pods-MyFirstAppTests.debug.xcconfig */;
			buildSettings = {
				ALWAYS_EMBED_SWIFT_STANDARD_LIBRARIES = YES;
				BUNDLE_LOADER = "$(TEST_HOST)";
				CODE_SIGN_STYLE = Automatic;
				INFOPLIST_FILE = MyFirstAppTests/Info.plist;
				LD_RUNPATH_SEARCH_PATHS = (
					"$(inherited)",
					"@executable_path/Frameworks",
					"@loader_path/Frameworks",
				);
				PRODUCT_BUNDLE_IDENTIFIER = com.blueapron.MyFirstAppTests;
				PRODUCT_NAME = "$(TARGET_NAME)";
				SWIFT_VERSION = 4.0;
				TARGETED_DEVICE_FAMILY = "1,2";
				TEST_HOST = "$(BUILT_PRODUCTS_DIR)/MyFirstApp.app/MyFirstApp";
			};
			name = Debug;
		};
		2563236A21348D9100242119 /* Release */ = {
			isa = XCBuildConfiguration;
			baseConfigurationReference = 92F41D740B9846A501FA9B93 /* Pods-MyFirstAppTests.release.xcconfig */;
			buildSettings = {
				ALWAYS_EMBED_SWIFT_STANDARD_LIBRARIES = YES;
				BUNDLE_LOADER = "$(TEST_HOST)";
				CODE_SIGN_STYLE = Automatic;
				INFOPLIST_FILE = MyFirstAppTests/Info.plist;
				LD_RUNPATH_SEARCH_PATHS = (
					"$(inherited)",
					"@executable_path/Frameworks",
					"@loader_path/Frameworks",
				);
				PRODUCT_BUNDLE_IDENTIFIER = com.blueapron.MyFirstAppTests;
				PRODUCT_NAME = "$(TARGET_NAME)";
				SWIFT_VERSION = 4.0;
				TARGETED_DEVICE_FAMILY = "1,2";
				TEST_HOST = "$(BUILT_PRODUCTS_DIR)/MyFirstApp.app/MyFirstApp";
			};
			name = Release;
		};
		2563236C21348D9100242119 /* Debug */ = {
			isa = XCBuildConfiguration;
			baseConfigurationReference = 4CB87AC73BD05AAD52DE82E5 /* Pods-MyFirstAppUITests.debug.xcconfig */;
			buildSettings = {
				ALWAYS_EMBED_SWIFT_STANDARD_LIBRARIES = YES;
				CODE_SIGN_STYLE = Automatic;
				INFOPLIST_FILE = MyFirstAppUITests/Info.plist;
				LD_RUNPATH_SEARCH_PATHS = (
					"$(inherited)",
					"@executable_path/Frameworks",
					"@loader_path/Frameworks",
				);
				PRODUCT_BUNDLE_IDENTIFIER = com.blueapron.MyFirstAppUITests;
				PRODUCT_NAME = "$(TARGET_NAME)";
				SWIFT_VERSION = 4.0;
				TARGETED_DEVICE_FAMILY = "1,2";
				TEST_TARGET_NAME = MyFirstApp;
			};
			name = Debug;
		};
		2563236D21348D9100242119 /* Release */ = {
			isa = XCBuildConfiguration;
			baseConfigurationReference = F5C137F660755555CDB95EA7 /* Pods-MyFirstAppUITests.release.xcconfig */;
			buildSettings = {
				ALWAYS_EMBED_SWIFT_STANDARD_LIBRARIES = YES;
				CODE_SIGN_STYLE = Automatic;
				INFOPLIST_FILE = MyFirstAppUITests/Info.plist;
				LD_RUNPATH_SEARCH_PATHS = (
					"$(inherited)",
					"@executable_path/Frameworks",
					"@loader_path/Frameworks",
				);
				PRODUCT_BUNDLE_IDENTIFIER = com.blueapron.MyFirstAppUITests;
				PRODUCT_NAME = "$(TARGET_NAME)";
				SWIFT_VERSION = 4.0;
				TARGETED_DEVICE_FAMILY = "1,2";
				TEST_TARGET_NAME = MyFirstApp;
			};
			name = Release;
		};
/* End XCBuildConfiguration section */

/* Begin XCConfigurationList section */
		2563233821348D8F00242119 /* Build configuration list for PBXProject "MyFirstApp" */ = {
			isa = XCConfigurationList;
			buildConfigurations = (
				2563236321348D9100242119 /* Debug */,
				2563236421348D9100242119 /* Release */,
			);
			defaultConfigurationIsVisible = 0;
			defaultConfigurationName = Release;
		};
		2563236521348D9100242119 /* Build configuration list for PBXNativeTarget "MyFirstApp" */ = {
			isa = XCConfigurationList;
			buildConfigurations = (
				2563236621348D9100242119 /* Debug */,
				2563236721348D9100242119 /* Release */,
			);
			defaultConfigurationIsVisible = 0;
			defaultConfigurationName = Release;
		};
		2563236821348D9100242119 /* Build configuration list for PBXNativeTarget "MyFirstAppTests" */ = {
			isa = XCConfigurationList;
			buildConfigurations = (
				2563236921348D9100242119 /* Debug */,
				2563236A21348D9100242119 /* Release */,
			);
			defaultConfigurationIsVisible = 0;
			defaultConfigurationName = Release;
		};
		2563236B21348D9100242119 /* Build configuration list for PBXNativeTarget "MyFirstAppUITests" */ = {
			isa = XCConfigurationList;
			buildConfigurations = (
				2563236C21348D9100242119 /* Debug */,
				2563236D21348D9100242119 /* Release */,
			);
			defaultConfigurationIsVisible = 0;
			defaultConfigurationName = Release;
		};
/* End XCConfigurationList section */
	};
	rootObject = 2563233521348D8F00242119 /* Project object */;
}
